
Microsoft Visual Studio Solution File, Format Version 12.00
# Visual Studio Version 17
VisualStudioVersion = 17.6.33829.357
MinimumVisualStudioVersion = 10.0.40219.1
Project("{9A19103F-16F7-4668-BE54-9A1E7A4F7556}") = "Atividade 6", "Atividade 6.csproj", "{1C2939A2-9F19-4EC4-8FFA-3C0BF93C6094}"
EndProject
Global
	GlobalSection(SolutionConfigurationPlatforms) = preSolution
		Debug|Any CPU = Debug|Any CPU
		Release|Any CPU = Release|Any CPU
	EndGlobalSection
	GlobalSection(ProjectConfigurationPlatforms) = postSolution
		{1C2939A2-9F19-4EC4-8FFA-3C0BF93C6094}.Debug|Any CPU.ActiveCfg = Debug|Any CPU
		{1C2939A2-9F19-4EC4-8FFA-3C0BF93C6094}.Debug|Any CPU.Build.0 = Debug|Any CPU
		{1C2939A2-9F19-4EC4-8FFA-3C0BF93C6094}.Release|Any CPU.ActiveCfg = Release|Any CPU
		{1C2939A2-9F19-4EC4-8FFA-3C0BF93C6094}.Release|Any CPU.Build.0 = Release|Any CPU
	EndGlobalSection
	GlobalSection(SolutionProperties) = preSolution
		HideSolutionNode = FALSE
	EndGlobalSection
	GlobalSection(ExtensibilityGlobals) = postSolution
		SolutionGuid = {BAE6D66C-8627-41C5-8C93-581E4C1C896D}
	EndGlobalSection
EndGlobal
