
Microsoft Visual Studio Solution File, Format Version 12.00
# Visual Studio Version 17
VisualStudioVersion = 17.6.33829.357
MinimumVisualStudioVersion = 10.0.40219.1
Project("{FAE04EC0-301F-11D3-BF4B-00C04F79EFBC}") = "Atividade 4", "Atividade 4.csproj", "{13F0DE96-6FA2-4AAE-AEA5-CAA0BAA33F69}"
EndProject
Global
	GlobalSection(SolutionConfigurationPlatforms) = preSolution
		Debug|Any CPU = Debug|Any CPU
		Release|Any CPU = Release|Any CPU
	EndGlobalSection
	GlobalSection(ProjectConfigurationPlatforms) = postSolution
		{13F0DE96-6FA2-4AAE-AEA5-CAA0BAA33F69}.Debug|Any CPU.ActiveCfg = Debug|Any CPU
		{13F0DE96-6FA2-4AAE-AEA5-CAA0BAA33F69}.Debug|Any CPU.Build.0 = Debug|Any CPU
		{13F0DE96-6FA2-4AAE-AEA5-CAA0BAA33F69}.Release|Any CPU.ActiveCfg = Release|Any CPU
		{13F0DE96-6FA2-4AAE-AEA5-CAA0BAA33F69}.Release|Any CPU.Build.0 = Release|Any CPU
	EndGlobalSection
	GlobalSection(SolutionProperties) = preSolution
		HideSolutionNode = FALSE
	EndGlobalSection
	GlobalSection(ExtensibilityGlobals) = postSolution
		SolutionGuid = {7FA5E870-B02D-40B1-9B09-C88488DAC4E8}
	EndGlobalSection
EndGlobal
