
Microsoft Visual Studio Solution File, Format Version 12.00
# Visual Studio Version 17
VisualStudioVersion = 17.6.33829.357
MinimumVisualStudioVersion = 10.0.40219.1
Project("{FAE04EC0-301F-11D3-BF4B-00C04F79EFBC}") = "Atividade 2", "Atividade 2.csproj", "{1A18670F-0A61-4EB9-BFB8-E5834E197104}"
EndProject
Global
	GlobalSection(SolutionConfigurationPlatforms) = preSolution
		Debug|Any CPU = Debug|Any CPU
		Release|Any CPU = Release|Any CPU
	EndGlobalSection
	GlobalSection(ProjectConfigurationPlatforms) = postSolution
		{1A18670F-0A61-4EB9-BFB8-E5834E197104}.Debug|Any CPU.ActiveCfg = Debug|Any CPU
		{1A18670F-0A61-4EB9-BFB8-E5834E197104}.Debug|Any CPU.Build.0 = Debug|Any CPU
		{1A18670F-0A61-4EB9-BFB8-E5834E197104}.Release|Any CPU.ActiveCfg = Release|Any CPU
		{1A18670F-0A61-4EB9-BFB8-E5834E197104}.Release|Any CPU.Build.0 = Release|Any CPU
	EndGlobalSection
	GlobalSection(SolutionProperties) = preSolution
		HideSolutionNode = FALSE
	EndGlobalSection
	GlobalSection(ExtensibilityGlobals) = postSolution
		SolutionGuid = {4A02306F-8AAB-4534-9C41-9882E8808898}
	EndGlobalSection
EndGlobal
